
Microsoft Visual Studio Solution File, Format Version 12.00
# Visual Studio Version 17
VisualStudioVersion = 17.4.33110.190
MinimumVisualStudioVersion = 10.0.40219.1
Project("{FAE04EC0-301F-11D3-BF4B-00C04F79EFBC}") = "ModernWalk", "ModernWalk\ModernWalk.csproj", "{3A4B05FB-A75B-4A70-AADF-BB0E66E430DE}"
EndProject
Global
	GlobalSection(SolutionConfigurationPlatforms) = preSolution
		Debug|Any CPU = Debug|Any CPU
		Release|Any CPU = Release|Any CPU
	EndGlobalSection
	GlobalSection(ProjectConfigurationPlatforms) = postSolution
		{3A4B05FB-A75B-4A70-AADF-BB0E66E430DE}.Debug|Any CPU.ActiveCfg = Debug|Any CPU
		{3A4B05FB-A75B-4A70-AADF-BB0E66E430DE}.Debug|Any CPU.Build.0 = Debug|Any CPU
		{3A4B05FB-A75B-4A70-AADF-BB0E66E430DE}.Release|Any CPU.ActiveCfg = Release|Any CPU
		{3A4B05FB-A75B-4A70-AADF-BB0E66E430DE}.Release|Any CPU.Build.0 = Release|Any CPU
	EndGlobalSection
	GlobalSection(SolutionProperties) = preSolution
		HideSolutionNode = FALSE
	EndGlobalSection
	GlobalSection(ExtensibilityGlobals) = postSolution
		SolutionGuid = {5701A9AA-8734-4BAC-9654-78B87AEE9945}
	EndGlobalSection
EndGlobal
